{
  "name": "bot-cross-sign",
  "lockfileVersion": 3,
  "requires": true,
  "packages": {
    "": {
      "name": "bot-cross-sign",
      "dependencies": {
        "matrix-js-sdk": "42.4.0"
      }
    },
    "node_modules/@babel/runtime": {
      "version": "8.0.5",
      "resolved": "https://registry.npmjs.org/@babel/runtime/-/runtime-8.0.5.tgz",
      "integrity": "sha512-7NK+Lz3spQ52XsUGTxIEVU4jYN2/dIaX8sTxRFAUtYmttYZnVh3aehiihv+/Gb7+duMNHl2OrFcBQRyOHScxpg==",
      "license": "MIT"
    },
    "node_modules/@matrix-org/matrix-sdk-crypto-wasm": {
      "version": "18.9.0",
      "resolved": "https://registry.npmjs.org/@matrix-org/matrix-sdk-crypto-wasm/-/matrix-sdk-crypto-wasm-18.9.0.tgz",
      "integrity": "sha512-NtLzNDTEfNASBjNCTGZHuk7N0jrQhS6Zx2CM857rCHZYYh/rpbKGQNrJ7azktm4S1P5Jy3WU3nwJTGohGw26qQ==",
      "license": "Apache-2.0",
      "engines": {
        "node": ">= 18"
      }
    },
    "node_modules/@types/events": {
      "version": "3.0.3",
      "resolved": "https://registry.npmjs.org/@types/events/-/events-3.0.3.tgz",
      "integrity": "sha512-trOc4AAUThEz9hapPtSd7wf5tiQKvTtu5b371UxXdTuqzIh0ArcRspRP0i0Viu+LXstIQ1z96t1nsPxT9ol01g==",
      "license": "MIT"
    },
    "node_modules/another-json": {
      "version": "0.2.0",
      "resolved": "https://registry.npmjs.org/another-json/-/another-json-0.2.0.tgz",
      "integrity": "sha512-/Ndrl68UQLhnCdsAzEXLMFuOR546o2qbYRqCglaNHbjXrwG1ayTcdwr3zkSGOGtGXDyR5X9nCFfnyG2AFJIsqg==",
      "license": "Apache-2.0"
    },
    "node_modules/base-x": {
      "version": "5.0.1",
      "resolved": "https://registry.npmjs.org/base-x/-/base-x-5.0.1.tgz",
      "integrity": "sha512-M7uio8Zt++eg3jPj+rHMfCC+IuygQHHCOU+IYsVtik6FWjuYpVt/+MRKcgsAMHh8mMFAwnB+Bs+mTrFiXjMzKg==",
      "license": "MIT"
    },
    "node_modules/bs58": {
      "version": "6.0.0",
      "resolved": "https://registry.npmjs.org/bs58/-/bs58-6.0.0.tgz",
      "integrity": "sha512-PD0wEnEYg6ijszw/u8s+iI3H17cTymlrwkKhDhPZq+Sokl3AU4htyBFTjAeNAlCCmg0f53g6ih3jATyCKftTfw==",
      "license": "MIT",
      "dependencies": {
        "base-x": "^5.0.0"
      }
    },
    "node_modules/content-type": {
      "version": "3.1.1",
      "resolved": "https://registry.npmjs.org/content-type/-/content-type-3.1.1.tgz",
      "integrity": "sha512-GW4qUsfFo59d0HbUibDlWv5wPz+vAAcaTWbKIuKCf0JkC7wWkSyf8f13IpXn5JkeMlB2P8iTSSIjwXljorg2vA==",
      "license": "MIT",
      "engines": {
        "node": ">=22"
      },
      "funding": {
        "type": "opencollective",
        "url": "https://opencollective.com/express"
      }
    },
    "node_modules/events": {
      "version": "3.3.0",
      "resolved": "https://registry.npmjs.org/events/-/events-3.3.0.tgz",
      "integrity": "sha512-mQw+2fkQbALzQ7V0MY0IqdnXNOeTtP4r0lN9z7AAawCXgqea7bDii20AYrIBrFd/Hx0M2Ocz6S111CaFkUcb0Q==",
      "license": "MIT",
      "engines": {
        "node": ">=0.8.x"
      }
    },
    "node_modules/is-network-error": {
      "version": "1.3.2",
      "resolved": "https://registry.npmjs.org/is-network-error/-/is-network-error-1.3.2.tgz",
      "integrity": "sha512-PhBY86zaxNZUuWP6h13Vu5oFe0XY6/UlKzQnYFELzGVHygP3MxmvTfYSG7GN3aIab/iWudSMgjSnG9Dq+nHrgA==",
      "license": "MIT",
      "engines": {
        "node": ">=16"
      },
      "funding": {
        "url": "https://github.com/sponsors/sindresorhus"
      }
    },
    "node_modules/loglevel": {
      "version": "1.9.2",
      "resolved": "https://registry.npmjs.org/loglevel/-/loglevel-1.9.2.tgz",
      "integrity": "sha512-HgMmCqIJSAKqo68l0rS2AanEWfkxaZ5wNiEFb5ggm08lDs9Xl2KxBlX3PTcaD2chBM1gXAYf491/M2Rv8Jwayg==",
      "license": "MIT",
      "engines": {
        "node": ">= 0.6.0"
      },
      "funding": {
        "type": "tidelift",
        "url": "https://tidelift.com/funding/github/npm/loglevel"
      }
    },
    "node_modules/matrix-events-sdk": {
      "version": "0.0.1",
      "resolved": "https://registry.npmjs.org/matrix-events-sdk/-/matrix-events-sdk-0.0.1.tgz",
      "integrity": "sha512-1QEOsXO+bhyCroIe2/A5OwaxHvBm7EsSQ46DEDn8RBIfQwN5HWBpFvyWWR4QY0KHPPnnJdI99wgRiAl7Ad5qaA==",
      "license": "Apache-2.0"
    },
    "node_modules/matrix-js-sdk": {
      "version": "42.4.0",
      "resolved": "https://registry.npmjs.org/matrix-js-sdk/-/matrix-js-sdk-42.4.0.tgz",
      "integrity": "sha512-tlTU3kz9WmK+eJVDou+tMVPggVJdvj56XpEYBKgNx56mWd8rF6YfiK82o/aTjtAezuAoV50b+i4q3SGrfPiIGg==",
      "license": "Apache-2.0",
      "dependencies": {
        "@babel/runtime": "^8.0.0",
        "@matrix-org/matrix-sdk-crypto-wasm": "^18.7.0",
        "another-json": "^0.2.0",
        "bs58": "^6.0.0",
        "content-type": "^3.0.0",
        "loglevel": "^1.9.2",
        "matrix-events-sdk": "0.0.1",
        "matrix-widget-api": "^1.19.0",
        "p-retry": "8",
        "sdp-transform": "^3.0.0",
        "unhomoglyph": "^1.0.6"
      },
      "engines": {
        "node": ">=22.0.0"
      }
    },
    "node_modules/matrix-widget-api": {
      "version": "1.19.0",
      "resolved": "https://registry.npmjs.org/matrix-widget-api/-/matrix-widget-api-1.19.0.tgz",
      "integrity": "sha512-Qe7L6G1mQJphBC47/Bzp5ljPIK1UARgLiuGgS+/KmEs/eaNHkQ3+ArD0/0kvMV+d6kCGAZ9OKRqsnuPjizI+tw==",
      "license": "Apache-2.0",
      "dependencies": {
        "@types/events": "^3.0.0",
        "events": "^3.2.0"
      }
    },
    "node_modules/p-retry": {
      "version": "8.0.1",
      "resolved": "https://registry.npmjs.org/p-retry/-/p-retry-8.0.1.tgz",
      "integrity": "sha512-NAigyu8hfvJe7MsS18mnc4is0MZtau3QMdBklaJKK23oBQb6occO3UPM3vHmTckW8KhfyjMZaUOqdTFEYliHgg==",
      "license": "MIT",
      "dependencies": {
        "is-network-error": "^1.3.0"
      },
      "engines": {
        "node": ">=22"
      },
      "funding": {
        "url": "https://github.com/sponsors/sindresorhus"
      }
    },
    "node_modules/sdp-transform": {
      "version": "3.0.0",
      "resolved": "https://registry.npmjs.org/sdp-transform/-/sdp-transform-3.0.0.tgz",
      "integrity": "sha512-gfYVRGxjHkGF2NPeUWHw5u6T/KGFtS5/drPms73gaSuMaVHKCY3lpLnGDfswVQO0kddeePoti09AwhYP4zA8dQ==",
      "license": "MIT",
      "bin": {
        "sdp-verify": "checker.js"
      }
    },
    "node_modules/unhomoglyph": {
      "version": "1.0.6",
      "resolved": "https://registry.npmjs.org/unhomoglyph/-/unhomoglyph-1.0.6.tgz",
      "integrity": "sha512-7uvcWI3hWshSADBu4JpnyYbTVc7YlhF5GDW/oPD5AxIxl34k4wXR3WDkPnzLxkN32LiTCTKMQLtKVZiwki3zGg==",
      "license": "MIT"
    }
  }
}
